
Microsoft Visual Studio Solution File, Format Version 12.00
# Visual Studio Version 16
VisualStudioVersion = 16.0.32413.511
MinimumVisualStudioVersion = 10.0.40219.1
Project("{FAE04EC0-301F-11D3-BF4B-00C04F79EFBC}") = "forecast_xml", "forecast_xml\forecast_xml.csproj", "{9F356DE1-D6AE-4334-99F1-5F23FC48ADA8}"
EndProject
Global
	GlobalSection(SolutionConfigurationPlatforms) = preSolution
		Debug|Any CPU = Debug|Any CPU
		Release|Any CPU = Release|Any CPU
	EndGlobalSection
	GlobalSection(ProjectConfigurationPlatforms) = postSolution
		{9F356DE1-D6AE-4334-99F1-5F23FC48ADA8}.Debug|Any CPU.ActiveCfg = Debug|Any CPU
		{9F356DE1-D6AE-4334-99F1-5F23FC48ADA8}.Debug|Any CPU.Build.0 = Debug|Any CPU
		{9F356DE1-D6AE-4334-99F1-5F23FC48ADA8}.Release|Any CPU.ActiveCfg = Release|Any CPU
		{9F356DE1-D6AE-4334-99F1-5F23FC48ADA8}.Release|Any CPU.Build.0 = Release|Any CPU
	EndGlobalSection
	GlobalSection(SolutionProperties) = preSolution
		HideSolutionNode = FALSE
	EndGlobalSection
	GlobalSection(ExtensibilityGlobals) = postSolution
		SolutionGuid = {03CE90AF-3931-4FDD-B68B-932C27A428C1}
	EndGlobalSection
EndGlobal
